PODS:
  - AFNetworking (4.0.1):
    - AFNetworking/NSURLSession (= 4.0.1)
    - AFNetworking/Reachability (= 4.0.1)
    - AFNetworking/Security (= 4.0.1)
    - AFNetworking/Serialization (= 4.0.1)
    - AFNetworking/UIKit (= 4.0.1)
  - AFNetworking/NSURLSession (4.0.1):
    - AFNetworking/Reachability
    - AFNetworking/Security
    - AFNetworking/Serialization
  - AFNetworking/Reachability (4.0.1)
  - AFNetworking/Security (4.0.1)
  - AFNetworking/Serialization (4.0.1)
  - AFNetworking/UIKit (4.0.1):
    - AFNetworking/NSURLSession
  - FLEX (4.4.1)

DEPENDENCIES:
  - AFNetworking (~> 4.0)
  - FLEX

SPEC REPOS:
  trunk:
    - AFNetworking
    - FLEX

SPEC CHECKSUMS:
  AFNetworking: 7864c38297c79aaca1500c33288e429c3451fdce
  FLEX: 7ca2c8cd3a435ff501ff6d2f2141e9bdc934eaab

PODFILE CHECKSUM: 8997f885f835495f3fed280adec00f0cb1202c84

COCOAPODS: 1.10.0
